// !$*UTF8*$!
{
	archiveVersion = 1;
	classes = {
	};
	objectVersion = 50;
	objects = {

/* Begin PBXBuildFile section */
		80BAF299602F4C77E563668C /* Pods_stork_controller.framework in Frameworks */ = {isa = PBXBuildFile; fileRef = 4A63EC4F308BEF415E87318F /* Pods_stork_controller.framework */; };
		F445CA8721AED92600184254 /* AppDelegate.swift in Sources */ = {isa = PBXBuildFile; fileRef = F445CA8621AED92600184254 /* AppDelegate.swift */; };
		F445CA8921AED92600184254 /* Controller.swift in Sources */ = {isa = PBXBuildFile; fileRef = F445CA8821AED92600184254 /* Controller.swift */; };
		F445CA8E21AED92700184254 /* Assets.xcassets in Resources */ = {isa = PBXBuildFile; fileRef = F445CA8D21AED92700184254 /* Assets.xcassets */; };
		F445CA9121AED92700184254 /* LaunchScreen.storyboard in Resources */ = {isa = PBXBuildFile; fileRef = F445CA8F21AED92700184254 /* LaunchScreen.storyboard */; };
		F459D75B21C3AB9A00798524 /* ModalViewController.swift in Sources */ = {isa = PBXBuildFile; fileRef = F459D75A21C3AB9A00798524 /* ModalViewController.swift */; };
		F459D75D21C3ABBD00798524 /* ModalTableViewController.swift in Sources */ = {isa = PBXBuildFile; fileRef = F459D75C21C3ABBD00798524 /* ModalTableViewController.swift */; };
/* End PBXBuildFile section */

/* Begin PBXFileReference section */
		1750D0DC8467488EA06BB190 /* Pods-stork-controller.debug.xcconfig */ = {isa = PBXFileReference; includeInIndex = 1; lastKnownFileType = text.xcconfig; name = "Pods-stork-controller.debug.xcconfig"; path = "Pods/Target Support Files/Pods-stork-controller/Pods-stork-controller.debug.xcconfig"; sourceTree = "<group>"; };
		47ECB407BB4AE401DDDFB287 /* Pods-stork-controller.release.xcconfig */ = {isa = PBXFileReference; includeInIndex = 1; lastKnownFileType = text.xcconfig; name = "Pods-stork-controller.release.xcconfig"; path = "Pods/Target Support Files/Pods-stork-controller/Pods-stork-controller.release.xcconfig"; sourceTree = "<group>"; };
		4A63EC4F308BEF415E87318F /* Pods_stork_controller.framework */ = {isa = PBXFileReference; explicitFileType = wrapper.framework; includeInIndex = 0; path = Pods_stork_controller.framework; sourceTree = BUILT_PRODUCTS_DIR; };
		F445CA8321AED92600184254 /* stork-controller.app */ = {isa = PBXFileReference; explicitFileType = wrapper.application; includeInIndex = 0; path = "stork-controller.app"; sourceTree = BUILT_PRODUCTS_DIR; };
		F445CA8621AED92600184254 /* AppDelegate.swift */ = {isa = PBXFileReference; lastKnownFileType = sourcecode.swift; path = AppDelegate.swift; sourceTree = "<group>"; };
		F445CA8821AED92600184254 /* Controller.swift */ = {isa = PBXFileReference; lastKnownFileType = sourcecode.swift; path = Controller.swift; sourceTree = "<group>"; };
		F445CA8D21AED92700184254 /* Assets.xcassets */ = {isa = PBXFileReference; lastKnownFileType = folder.assetcatalog; path = Assets.xcassets; sourceTree = "<group>"; };
		F445CA9021AED92700184254 /* Base */ = {isa = PBXFileReference; lastKnownFileType = file.storyboard; name = Base; path = Base.lproj/LaunchScreen.storyboard; sourceTree = "<group>"; };
		F445CA9221AED92700184254 /* Info.plist */ = {isa = PBXFileReference; lastKnownFileType = text.plist.xml; path = Info.plist; sourceTree = "<group>"; };
		F459D75A21C3AB9A00798524 /* ModalViewController.swift */ = {isa = PBXFileReference; lastKnownFileType = sourcecode.swift; path = ModalViewController.swift; sourceTree = "<group>"; };
		F459D75C21C3ABBD00798524 /* ModalTableViewController.swift */ = {isa = PBXFileReference; lastKnownFileType = sourcecode.swift; path = ModalTableViewController.swift; sourceTree = "<group>"; };
/* End PBXFileReference section */

/* Begin PBXFrameworksBuildPhase section */
		F445CA8021AED92600184254 /* Frameworks */ = {
			isa = PBXFrameworksBuildPhase;
			buildActionMask = 2147483647;
			files = (
				80BAF299602F4C77E563668C /* Pods_stork_controller.framework in Frameworks */,
			);
			runOnlyForDeploymentPostprocessing = 0;
		};
/* End PBXFrameworksBuildPhase section */

/* Begin PBXGroup section */
		CBCF90B28A1F802A335BADDA /* Frameworks */ = {
			isa = PBXGroup;
			children = (
				4A63EC4F308BEF415E87318F /* Pods_stork_controller.framework */,
			);
			name = Frameworks;
			sourceTree = "<group>";
		};
		E3CC2A0120E2683DAD51C81F /* Pods */ = {
			isa = PBXGroup;
			children = (
				1750D0DC8467488EA06BB190 /* Pods-stork-controller.debug.xcconfig */,
				47ECB407BB4AE401DDDFB287 /* Pods-stork-controller.release.xcconfig */,
			);
			name = Pods;
			sourceTree = "<group>";
		};
		F445CA7A21AED92600184254 = {
			isa = PBXGroup;
			children = (
				F445CA8521AED92600184254 /* stork-controller */,
				E3CC2A0120E2683DAD51C81F /* Pods */,
				CBCF90B28A1F802A335BADDA /* Frameworks */,
			);
			sourceTree = "<group>";
		};
		F445CA8421AED92600184254 /* Products */ = {
			isa = PBXGroup;
			children = (
				F445CA8321AED92600184254 /* stork-controller.app */,
			);
			name = Products;
			path = ..;
			sourceTree = "<group>";
		};
		F445CA8521AED92600184254 /* stork-controller */ = {
			isa = PBXGroup;
			children = (
				F445CA8621AED92600184254 /* AppDelegate.swift */,
				F445CA8821AED92600184254 /* Controller.swift */,
				F459D75A21C3AB9A00798524 /* ModalViewController.swift */,
				F459D75C21C3ABBD00798524 /* ModalTableViewController.swift */,
				F445CA8D21AED92700184254 /* Assets.xcassets */,
				F445CA8F21AED92700184254 /* LaunchScreen.storyboard */,
				F445CA9221AED92700184254 /* Info.plist */,
				F445CA8421AED92600184254 /* Products */,
			);
			path = "stork-controller";
			sourceTree = "<group>";
		};
/* End PBXGroup section */

/* Begin PBXNativeTarget section */
		F445CA8221AED92600184254 /* stork-controller */ = {
			isa = PBXNativeTarget;
			buildConfigurationList = F445CA9521AED92700184254 /* Build configuration list for PBXNativeTarget "stork-controller" */;
			buildPhases = (
				B5E8E12EE11E4B9E659D7746 /* [CP] Check Pods Manifest.lock */,
				F445CA7F21AED92600184254 /* Sources */,
				F445CA8021AED92600184254 /* Frameworks */,
				F445CA8121AED92600184254 /* Resources */,
				362577531CB07E54619751DE /* [CP] Embed Pods Frameworks */,
			);
			buildRules = (
			);
			dependencies = (
			);
			name = "stork-controller";
			productName = "stork-controller";
			productReference = F445CA8321AED92600184254 /* stork-controller.app */;
			productType = "com.apple.product-type.application";
		};
/* End PBXNativeTarget section */

/* Begin PBXProject section */
		F445CA7B21AED92600184254 /* Project object */ = {
			isa = PBXProject;
			attributes = {
				LastSwiftUpdateCheck = 1010;
				LastUpgradeCheck = 1010;
				ORGANIZATIONNAME = "Ivan Vorobei";
				TargetAttributes = {
					F445CA8221AED92600184254 = {
						CreatedOnToolsVersion = 10.1;
					};
				};
			};
			buildConfigurationList = F445CA7E21AED92600184254 /* Build configuration list for PBXProject "stork-controller" */;
			compatibilityVersion = "Xcode 9.3";
			developmentRegion = en;
			hasScannedForEncodings = 0;
			knownRegions = (
				en,
				Base,
			);
			mainGroup = F445CA7A21AED92600184254;
			productRefGroup = F445CA8421AED92600184254 /* Products */;
			projectDirPath = "";
			projectRoot = "";
			targets = (
				F445CA8221AED92600184254 /* stork-controller */,
			);
		};
/* End PBXProject section */

/* Begin PBXResourcesBuildPhase section */
		F445CA8121AED92600184254 /* Resources */ = {
			isa = PBXResourcesBuildPhase;
			buildActionMask = 2147483647;
			files = (
				F445CA9121AED92700184254 /* LaunchScreen.storyboard in Resources */,
				F445CA8E21AED92700184254 /* Assets.xcassets in Resources */,
			);
			runOnlyForDeploymentPostprocessing = 0;
		};
/* End PBXResourcesBuildPhase section */

/* Begin PBXShellScriptBuildPhase section */
		362577531CB07E54619751DE /* [CP] Embed Pods Frameworks */ = {
			isa = PBXShellScriptBuildPhase;
			buildActionMask = 2147483647;
			files = (
			);
			inputFileListPaths = (
			);
			inputPaths = (
				"${SRCROOT}/Pods/Target Support Files/Pods-stork-controller/Pods-stork-controller-frameworks.sh",
				"${BUILT_PRODUCTS_DIR}/SPStorkController/SPStorkController.framework",
				"${BUILT_PRODUCTS_DIR}/SparrowKit/SparrowKit.framework",
			);
			name = "[CP] Embed Pods Frameworks";
			outputFileListPaths = (
			);
			outputPaths = (
				"${TARGET_BUILD_DIR}/${FRAMEWORKS_FOLDER_PATH}/SPStorkController.framework",
				"${TARGET_BUILD_DIR}/${FRAMEWORKS_FOLDER_PATH}/SparrowKit.framework",
			);
			runOnlyForDeploymentPostprocessing = 0;
			shellPath = /bin/sh;
			shellScript = "\"${SRCROOT}/Pods/Target Support Files/Pods-stork-controller/Pods-stork-controller-frameworks.sh\"\n";
			showEnvVarsInLog = 0;
		};
		B5E8E12EE11E4B9E659D7746 /* [CP] Check Pods Manifest.lock */ = {
			isa = PBXShellScriptBuildPhase;
			buildActionMask = 2147483647;
			files = (
			);
			inputFileListPaths = (
			);
			inputPaths = (
				"${PODS_PODFILE_DIR_PATH}/Podfile.lock",
				"${PODS_ROOT}/Manifest.lock",
			);
			name = "[CP] Check Pods Manifest.lock";
			outputFileListPaths = (
			);
			outputPaths = (
				"$(DERIVED_FILE_DIR)/Pods-stork-controller-checkManifestLockResult.txt",
			);
			runOnlyForDeploymentPostprocessing = 0;
			shellPath = /bin/sh;
			shellScript = "diff \"${PODS_PODFILE_DIR_PATH}/Podfile.lock\" \"${PODS_ROOT}/Manifest.lock\" > /dev/null\nif [ $? != 0 ] ; then\n    # print error to STDERR\n    echo \"error: The sandbox is not in sync with the Podfile.lock. Run 'pod install' or update your CocoaPods installation.\" >&2\n    exit 1\nfi\n# This output is used by Xcode 'outputs' to avoid re-running this script phase.\necho \"SUCCESS\" > \"${SCRIPT_OUTPUT_FILE_0}\"\n";
			showEnvVarsInLog = 0;
		};
/* End PBXShellScriptBuildPhase section */

/* Begin PBXSourcesBuildPhase section */
		F445CA7F21AED92600184254 /* Sources */ = {
			isa = PBXSourcesBuildPhase;
			buildActionMask = 2147483647;
			files = (
				F445CA8921AED92600184254 /* Controller.swift in Sources */,
				F459D75D21C3ABBD00798524 /* ModalTableViewController.swift in Sources */,
				F445CA8721AED92600184254 /* AppDelegate.swift in Sources */,
				F459D75B21C3AB9A00798524 /* ModalViewController.swift in Sources */,
			);
			runOnlyForDeploymentPostprocessing = 0;
		};
/* End PBXSourcesBuildPhase section */

/* Begin PBXVariantGroup section */
		F445CA8F21AED92700184254 /* LaunchScreen.storyboard */ = {
			isa = PBXVariantGroup;
			children = (
				F445CA9021AED92700184254 /* Base */,
			);
			name = LaunchScreen.storyboard;
			sourceTree = "<group>";
		};
/* End PBXVariantGroup section */

/* Begin XCBuildConfiguration section */
		F445CA9321AED92700184254 /* Debug */ = {
			isa = XCBuildConfiguration;
			buildSettings = {
				ALWAYS_SEARCH_USER_PATHS = NO;
				CLANG_ANALYZER_NONNULL = YES;
				CLANG_ANALYZER_NUMBER_OBJECT_CONVERSION = YES_AGGRESSIVE;
				CLANG_CXX_LANGUAGE_STANDARD = "gnu++14";
				CLANG_CXX_LIBRARY = "libc++";
				CLANG_ENABLE_MODULES = YES;
				CLANG_ENABLE_OBJC_ARC = YES;
				CLANG_ENABLE_OBJC_WEAK = YES;
				CLANG_WARN_BLOCK_CAPTURE_AUTORELEASING = YES;
				CLANG_WARN_BOOL_CONVERSION = YES;
				CLANG_WARN_COMMA = YES;
				CLANG_WARN_CONSTANT_CONVERSION = YES;
				CLANG_WARN_DEPRECATED_OBJC_IMPLEMENTATIONS = YES;
				CLANG_WARN_DIRECT_OBJC_ISA_USAGE = YES_ERROR;
				CLANG_WARN_DOCUMENTATION_COMMENTS = YES;
				CLANG_WARN_EMPTY_BODY = YES;
				CLANG_WARN_ENUM_CONVERSION = YES;
				CLANG_WARN_INFINITE_RECURSION = YES;
				CLANG_WARN_INT_CONVERSION = YES;
				CLANG_WARN_NON_LITERAL_NULL_CONVERSION = YES;
				CLANG_WARN_OBJC_IMPLICIT_RETAIN_SELF = YES;
				CLANG_WARN_OBJC_LITERAL_CONVERSION = YES;
				CLANG_WARN_OBJC_ROOT_CLASS = YES_ERROR;
				CLANG_WARN_RANGE_LOOP_ANALYSIS = YES;
				CLANG_WARN_STRICT_PROTOTYPES = YES;
				CLANG_WARN_SUSPICIOUS_MOVE = YES;
				CLANG_WARN_UNGUARDED_AVAILABILITY = YES_AGGRESSIVE;
				CLANG_WARN_UNREACHABLE_CODE = YES;
				CLANG_WARN__DUPLICATE_METHOD_MATCH = YES;
				CODE_SIGN_IDENTITY = "iPhone Developer";
				COPY_PHASE_STRIP = NO;
				DEBUG_INFORMATION_FORMAT = dwarf;
				ENABLE_STRICT_OBJC_MSGSEND = YES;
				ENABLE_TESTABILITY = YES;
				GCC_C_LANGUAGE_STANDARD = gnu11;
				GCC_DYNAMIC_NO_PIC = NO;
				GCC_NO_COMMON_BLOCKS = YES;
				GCC_OPTIMIZATION_LEVEL = 0;
				GCC_PREPROCESSOR_DEFINITIONS = (
					"DEBUG=1",
					"$(inherited)",
				);
				GCC_WARN_64_TO_32_BIT_CONVERSION = YES;
				GCC_WARN_ABOUT_RETURN_TYPE = YES_ERROR;
				GCC_WARN_UNDECLARED_SELECTOR = YES;
				GCC_WARN_UNINITIALIZED_AUTOS = YES_AGGRESSIVE;
				GCC_WARN_UNUSED_FUNCTION = YES;
				GCC_WARN_UNUSED_VARIABLE = YES;
				IPHONEOS_DEPLOYMENT_TARGET = 12.1;
				MTL_ENABLE_DEBUG_INFO = INCLUDE_SOURCE;
				MTL_FAST_MATH = YES;
				ONLY_ACTIVE_ARCH = YES;
				SDKROOT = iphoneos;
				SWIFT_ACTIVE_COMPILATION_CONDITIONS = DEBUG;
				SWIFT_OPTIMIZATION_LEVEL = "-Onone";
			};
			name = Debug;
		};
		F445CA9421AED92700184254 /* Release */ = {
			isa = XCBuildConfiguration;
			buildSettings = {
				ALWAYS_SEARCH_USER_PATHS = NO;
				CLANG_ANALYZER_NONNULL = YES;
				CLANG_ANALYZER_NUMBER_OBJECT_CONVERSION = YES_AGGRESSIVE;
				CLANG_CXX_LANGUAGE_STANDARD = "gnu++14";
				CLANG_CXX_LIBRARY = "libc++";
				CLANG_ENABLE_MODULES = YES;
				CLANG_ENABLE_OBJC_ARC = YES;
				CLANG_ENABLE_OBJC_WEAK = YES;
				CLANG_WARN_BLOCK_CAPTURE_AUTORELEASING = YES;
				CLANG_WARN_BOOL_CONVERSION = YES;
				CLANG_WARN_COMMA = YES;
				CLANG_WARN_CONSTANT_CONVERSION = YES;
				CLANG_WARN_DEPRECATED_OBJC_IMPLEMENTATIONS = YES;
				CLANG_WARN_DIRECT_OBJC_ISA_USAGE = YES_ERROR;
				CLANG_WARN_DOCUMENTATION_COMMENTS = YES;
				CLANG_WARN_EMPTY_BODY = YES;
				CLANG_WARN_ENUM_CONVERSION = YES;
				CLANG_WARN_INFINITE_RECURSION = YES;
				CLANG_WARN_INT_CONVERSION = YES;
				CLANG_WARN_NON_LITERAL_NULL_CONVERSION = YES;
				CLANG_WARN_OBJC_IMPLICIT_RETAIN_SELF = YES;
				CLANG_WARN_OBJC_LITERAL_CONVERSION = YES;
				CLANG_WARN_OBJC_ROOT_CLASS = YES_ERROR;
				CLANG_WARN_RANGE_LOOP_ANALYSIS = YES;
				CLANG_WARN_STRICT_PROTOTYPES = YES;
				CLANG_WARN_SUSPICIOUS_MOVE = YES;
				CLANG_WARN_UNGUARDED_AVAILABILITY = YES_AGGRESSIVE;
				CLANG_WARN_UNREACHABLE_CODE = YES;
				CLANG_WARN__DUPLICATE_METHOD_MATCH = YES;
				CODE_SIGN_IDENTITY = "iPhone Developer";
				COPY_PHASE_STRIP = NO;
				DEBUG_INFORMATION_FORMAT = "dwarf-with-dsym";
				ENABLE_NS_ASSERTIONS = NO;
				ENABLE_STRICT_OBJC_MSGSEND = YES;
				GCC_C_LANGUAGE_STANDARD = gnu11;
				GCC_NO_COMMON_BLOCKS = YES;
				GCC_WARN_64_TO_32_BIT_CONVERSION = YES;
				GCC_WARN_ABOUT_RETURN_TYPE = YES_ERROR;
				GCC_WARN_UNDECLARED_SELECTOR = YES;
				GCC_WARN_UNINITIALIZED_AUTOS = YES_AGGRESSIVE;
				GCC_WARN_UNUSED_FUNCTION = YES;
				GCC_WARN_UNUSED_VARIABLE = YES;
				IPHONEOS_DEPLOYMENT_TARGET = 12.1;
				MTL_ENABLE_DEBUG_INFO = NO;
				MTL_FAST_MATH = YES;
				SDKROOT = iphoneos;
				SWIFT_COMPILATION_MODE = wholemodule;
				SWIFT_OPTIMIZATION_LEVEL = "-O";
				VALIDATE_PRODUCT = YES;
			};
			name = Release;
		};
		F445CA9621AED92700184254 /* Debug */ = {
			isa = XCBuildConfiguration;
			baseConfigurationReference = 1750D0DC8467488EA06BB190 /* Pods-stork-controller.debug.xcconfig */;
			buildSettings = {
				ASSETCATALOG_COMPILER_APPICON_NAME = AppIcon;
				CODE_SIGN_STYLE = Automatic;
				DEVELOPMENT_TEAM = 2N39HTHUKU;
				INFOPLIST_FILE = "stork-controller/Info.plist";
				IPHONEOS_DEPLOYMENT_TARGET = 10.0;
				LD_RUNPATH_SEARCH_PATHS = (
					"$(inherited)",
					"@executable_path/Frameworks",
				);
				PRODUCT_BUNDLE_IDENTIFIER = "by.ivanvorobei.stork-controller";
				PRODUCT_NAME = "$(TARGET_NAME)";
				SWIFT_VERSION = 4.2;
				TARGETED_DEVICE_FAMILY = "1,2";
			};
			name = Debug;
		};
		F445CA9721AED92700184254 /* Release */ = {
			isa = XCBuildConfiguration;
			baseConfigurationReference = 47ECB407BB4AE401DDDFB287 /* Pods-stork-controller.release.xcconfig */;
			buildSettings = {
				ASSETCATALOG_COMPILER_APPICON_NAME = AppIcon;
				CODE_SIGN_STYLE = Automatic;
				DEVELOPMENT_TEAM = 2N39HTHUKU;
				INFOPLIST_FILE = "stork-controller/Info.plist";
				IPHONEOS_DEPLOYMENT_TARGET = 10.0;
				LD_RUNPATH_SEARCH_PATHS = (
					"$(inherited)",
					"@executable_path/Frameworks",
				);
				PRODUCT_BUNDLE_IDENTIFIER = "by.ivanvorobei.stork-controller";
				PRODUCT_NAME = "$(TARGET_NAME)";
				SWIFT_VERSION = 4.2;
				TARGETED_DEVICE_FAMILY = "1,2";
			};
			name = Release;
		};
/* End XCBuildConfiguration section */

/* Begin XCConfigurationList section */
		F445CA7E21AED92600184254 /* Build configuration list for PBXProject "stork-controller" */ = {
			isa = XCConfigurationList;
			buildConfigurations = (
				F445CA9321AED92700184254 /* Debug */,
				F445CA9421AED92700184254 /* Release */,
			);
			defaultConfigurationIsVisible = 0;
			defaultConfigurationName = Release;
		};
		F445CA9521AED92700184254 /* Build configuration list for PBXNativeTarget "stork-controller" */ = {
			isa = XCConfigurationList;
			buildConfigurations = (
				F445CA9621AED92700184254 /* Debug */,
				F445CA9721AED92700184254 /* Release */,
			);
			defaultConfigurationIsVisible = 0;
			defaultConfigurationName = Release;
		};
/* End XCConfigurationList section */
	};
	rootObject = F445CA7B21AED92600184254 /* Project object */;
}
